
Microsoft Visual Studio Solution File, Format Version 12.00
# Visual Studio Version 17
VisualStudioVersion = 17.0.31903.59
MinimumVisualStudioVersion = 10.0.40219.1
Project("{FAE04EC0-301F-11D3-BF4B-00C04F79EFBC}") = "DiaryApp", "DiaryApp\DiaryApp.csproj", "{3E421E67-0169-4DE6-A7BC-311796F1FFFF}"
EndProject
Project("{FAE04EC0-301F-11D3-BF4B-00C04F79EFBC}") = "DiaryApp.Tests", "DiaryApp.Tests\DiaryApp.Tests.csproj", "{B1481691-93B1-45F8-8502-857D40A6AE1C}"
EndProject
Global
	GlobalSection(SolutionConfigurationPlatforms) = preSolution
		Debug|Any CPU = Debug|Any CPU
		Release|Any CPU = Release|Any CPU
	EndGlobalSection
	GlobalSection(SolutionProperties) = preSolution
		HideSolutionNode = FALSE
	EndGlobalSection
	GlobalSection(ProjectConfigurationPlatforms) = postSolution
		{3E421E67-0169-4DE6-A7BC-311796F1FFFF}.Debug|Any CPU.ActiveCfg = Debug|Any CPU
		{3E421E67-0169-4DE6-A7BC-311796F1FFFF}.Debug|Any CPU.Build.0 = Debug|Any CPU
		{3E421E67-0169-4DE6-A7BC-311796F1FFFF}.Release|Any CPU.ActiveCfg = Release|Any CPU
		{3E421E67-0169-4DE6-A7BC-311796F1FFFF}.Release|Any CPU.Build.0 = Release|Any CPU
		{B1481691-93B1-45F8-8502-857D40A6AE1C}.Debug|Any CPU.ActiveCfg = Debug|Any CPU
		{B1481691-93B1-45F8-8502-857D40A6AE1C}.Debug|Any CPU.Build.0 = Debug|Any CPU
		{B1481691-93B1-45F8-8502-857D40A6AE1C}.Release|Any CPU.ActiveCfg = Release|Any CPU
		{B1481691-93B1-45F8-8502-857D40A6AE1C}.Release|Any CPU.Build.0 = Release|Any CPU
	EndGlobalSection
EndGlobal
